
Microsoft Visual Studio Solution File, Format Version 12.00
Project("{FAE04EC0-301F-11D3-BF4B-00C04F79EFBC}") = "Engine", "Engine\Engine.csproj", "{A822EEBA-6588-4510-B701-D96117A83D66}"
EndProject
Project("{FAE04EC0-301F-11D3-BF4B-00C04F79EFBC}") = "Editor", "Editor\Editor.csproj", "{809F6F31-9E45-4314-B1BD-FFD19F9D1DE4}"
EndProject
Project("{FAE04EC0-301F-11D3-BF4B-00C04F79EFBC}") = "Game", "Game\Game.csproj", "{51D71FB3-9DBF-43D6-89DC-AF9AD133A44F}"
EndProject
Global
	GlobalSection(SolutionConfigurationPlatforms) = preSolution
		Debug|Any CPU = Debug|Any CPU
		Release|Any CPU = Release|Any CPU
	EndGlobalSection
	GlobalSection(ProjectConfigurationPlatforms) = postSolution
		{A822EEBA-6588-4510-B701-D96117A83D66}.Debug|Any CPU.ActiveCfg = Debug|Any CPU
		{A822EEBA-6588-4510-B701-D96117A83D66}.Debug|Any CPU.Build.0 = Debug|Any CPU
		{A822EEBA-6588-4510-B701-D96117A83D66}.Release|Any CPU.ActiveCfg = Release|Any CPU
		{A822EEBA-6588-4510-B701-D96117A83D66}.Release|Any CPU.Build.0 = Release|Any CPU
		{809F6F31-9E45-4314-B1BD-FFD19F9D1DE4}.Debug|Any CPU.ActiveCfg = Debug|Any CPU
		{809F6F31-9E45-4314-B1BD-FFD19F9D1DE4}.Debug|Any CPU.Build.0 = Debug|Any CPU
		{809F6F31-9E45-4314-B1BD-FFD19F9D1DE4}.Release|Any CPU.ActiveCfg = Release|Any CPU
		{809F6F31-9E45-4314-B1BD-FFD19F9D1DE4}.Release|Any CPU.Build.0 = Release|Any CPU
		{51D71FB3-9DBF-43D6-89DC-AF9AD133A44F}.Debug|Any CPU.ActiveCfg = Debug|Any CPU
		{51D71FB3-9DBF-43D6-89DC-AF9AD133A44F}.Debug|Any CPU.Build.0 = Debug|Any CPU
		{51D71FB3-9DBF-43D6-89DC-AF9AD133A44F}.Release|Any CPU.ActiveCfg = Release|Any CPU
		{51D71FB3-9DBF-43D6-89DC-AF9AD133A44F}.Release|Any CPU.Build.0 = Release|Any CPU
	EndGlobalSection
EndGlobal
